{
  "name": "ts-inversify-sample",
  "version": "1.0.0",
  "lockfileVersion": 1,
  "requires": true,
  "dependencies": {
    "ts-guid": {
      "version": "1.0.11",
      "resolved": "https://registry.npmjs.org/ts-guid/-/ts-guid-1.0.11.tgz",
      "integrity": "sha512-+Kr6DD0xvJWIEbZ4xb3wXSbeon5CmNGMlF0ugyYik6e9n5j15N1swfpDiBruUqus65JjrdaF34i9DJY+GyuCXw=="
    }
  }
}
